<?xml version="1.0" encoding="UTF-8"?>
<CONFIG>
  <ProjectOptions>
    <Version Value="12"/>
    <General>
      <Flags>
        <CompatibilityMode Value="True"/>
      </Flags>
      <SessionStorage Value="InProjectDir"/>
      <Title Value="ldc"/>
      <Scaled Value="True"/>
      <ResourceType Value="res"/>
      <UseXPManifest Value="True"/>
      <XPManifest>
        <DpiAware Value="True"/>
      </XPManifest>
      <Icon Value="0"/>
    </General>
    <BuildModes Count="1">
      <Item1 Name="Default" Default="True"/>
    </BuildModes>
    <PublishOptions>
      <Version Value="2"/>
      <UseFileFilters Value="True"/>
    </PublishOptions>
    <RunParams>
      <FormatVersion Value="2"/>
    </RunParams>
    <RequiredPackages Count="4">
      <Item1>
        <PackageName Value="zcomponent"/>
      </Item1>
      <Item2>
        <PackageName Value="rxnew"/>
      </Item2>
      <Item3>
        <PackageName Value="FCL"/>
      </Item3>
      <Item4>
        <PackageName Value="LCL"/>
      </Item4>
    </RequiredPackages>
    <Units Count="18">
      <Unit0>
        <Filename Value="ldc.lpr"/>
        <IsPartOfProject Value="True"/>
      </Unit0>
      <Unit1>
        <Filename Value="umain.pas"/>
        <IsPartOfProject Value="True"/>
        <ComponentName Value="FMain"/>
        <HasResources Value="True"/>
        <ResourceBaseClass Value="Form"/>
      </Unit1>
      <Unit2>
        <Filename Value="auth/uauth.pas"/>
        <IsPartOfProject Value="True"/>
        <ComponentName Value="FAuth"/>
        <HasResources Value="True"/>
        <ResourceBaseClass Value="Form"/>
      </Unit2>
      <Unit3>
        <Filename Value="functions/ufunctions.pas"/>
        <IsPartOfProject Value="True"/>
      </Unit3>
      <Unit4>
        <Filename Value="err/uerr.pas"/>
        <IsPartOfProject Value="True"/>
        <ComponentName Value="FError"/>
        <HasResources Value="True"/>
        <ResourceBaseClass Value="Form"/>
      </Unit4>
      <Unit5>
        <Filename Value="admin/uadmin.pas"/>
        <IsPartOfProject Value="True"/>
        <ComponentName Value="frmAdmin"/>
        <HasResources Value="True"/>
        <ResourceBaseClass Value="Frame"/>
      </Unit5>
      <Unit6>
        <Filename Value="db/udm.pas"/>
        <IsPartOfProject Value="True"/>
        <ComponentName Value="dm"/>
        <HasResources Value="True"/>
        <ResourceBaseClass Value="DataModule"/>
      </Unit6>
      <Unit7>
        <Filename Value="admin/uusers.pas"/>
        <IsPartOfProject Value="True"/>
        <ComponentName Value="frmUsers"/>
        <HasResources Value="True"/>
        <ResourceBaseClass Value="Frame"/>
      </Unit7>
      <Unit8>
        <Filename Value="admin/udic.pas"/>
        <IsPartOfProject Value="True"/>
        <ComponentName Value="frmDic"/>
        <HasResources Value="True"/>
        <ResourceBaseClass Value="Frame"/>
      </Unit8>
      <Unit9>
        <Filename Value="auth/cuser.pas"/>
        <IsPartOfProject Value="True"/>
      </Unit9>
      <Unit10>
        <Filename Value="admin/uuser.pas"/>
        <IsPartOfProject Value="True"/>
        <ComponentName Value="frmUser"/>
        <HasResources Value="True"/>
        <ResourceBaseClass Value="Frame"/>
      </Unit10>
      <Unit11>
        <Filename Value="functions/umodal_form.pas"/>
        <IsPartOfProject Value="True"/>
        <ComponentName Value="FModalForm"/>
        <HasResources Value="True"/>
        <ResourceBaseClass Value="Form"/>
      </Unit11>
      <Unit12>
        <Filename Value="admin/ustaffs.pas"/>
        <IsPartOfProject Value="True"/>
        <ComponentName Value="frmStaffs"/>
        <HasResources Value="True"/>
        <ResourceBaseClass Value="Frame"/>
      </Unit12>
      <Unit13>
        <Filename Value="admin/ustaff.pas"/>
        <IsPartOfProject Value="True"/>
        <ComponentName Value="frmStaff"/>
        <HasResources Value="True"/>
        <ResourceBaseClass Value="Frame"/>
      </Unit13>
      <Unit14>
        <Filename Value="admin/cstaff.pas"/>
        <IsPartOfProject Value="True"/>
      </Unit14>
      <Unit15>
        <Filename Value="patient/upatients.pas"/>
        <IsPartOfProject Value="True"/>
        <ComponentName Value="frmPatients"/>
        <HasResources Value="True"/>
        <ResourceBaseClass Value="Frame"/>
      </Unit15>
      <Unit16>
        <Filename Value="patient/upatient.pas"/>
        <IsPartOfProject Value="True"/>
        <ComponentName Value="frmPatient"/>
        <HasResources Value="True"/>
        <ResourceBaseClass Value="Frame"/>
      </Unit16>
      <Unit17>
        <Filename Value="patient/cpatient.pas"/>
        <IsPartOfProject Value="True"/>
      </Unit17>
    </Units>
  </ProjectOptions>
  <CompilerOptions>
    <Version Value="11"/>
    <Target>
      <Filename Value="ldc"/>
    </Target>
    <SearchPaths>
      <IncludeFiles Value="$(ProjOutDir)"/>
      <OtherUnitFiles Value="auth;functions;db;err;admin;patient"/>
      <UnitOutputDirectory Value="lib/$(TargetCPU)-$(TargetOS)"/>
    </SearchPaths>
    <Linking>
      <Options>
        <Win32>
          <GraphicApplication Value="True"/>
        </Win32>
      </Options>
    </Linking>
  </CompilerOptions>
  <Debugging>
    <Exceptions Count="3">
      <Item1>
        <Name Value="EAbort"/>
      </Item1>
      <Item2>
        <Name Value="ECodetoolError"/>
      </Item2>
      <Item3>
        <Name Value="EFOpenError"/>
      </Item3>
    </Exceptions>
  </Debugging>
</CONFIG>
